
Microsoft Visual Studio Solution File, Format Version 12.00
# Visual Studio 15
VisualStudioVersion = 15.0.27703.2000
MinimumVisualStudioVersion = 10.0.40219.1
Project("{2150E333-8FDC-42A3-9474-1A3956D46DE8}") = "1 - Presentation", "1 - Presentation", "{FA7EEB3C-AC21-497A-9B57-D11B74805749}"
EndProject
Project("{2150E333-8FDC-42A3-9474-1A3956D46DE8}") = "2 - Service", "2 - Service", "{38988BB8-6D2C-450E-BE50-68FB12BA99FD}"
EndProject
Project("{2150E333-8FDC-42A3-9474-1A3956D46DE8}") = "3 - Application", "3 - Application", "{9D3E04B9-4654-4A68-82E8-5F97C10F36E7}"
EndProject
Project("{2150E333-8FDC-42A3-9474-1A3956D46DE8}") = "5 - Infra", "5 - Infra", "{D65D0021-86AA-4A39-87D0-2AF8CB2EB141}"
EndProject
Project("{2150E333-8FDC-42A3-9474-1A3956D46DE8}") = "4 - Domain", "4 - Domain", "{1B0A9877-2B62-49F6-BE01-62EF6CA05378}"
EndProject
Project("{FAE04EC0-301F-11D3-BF4B-00C04F79EFBC}") = "PlatinDashboard.Domain", "src\PlatinDashboard.Domain\PlatinDashboard.Domain.csproj", "{7DE3D18C-3904-4EA3-B46F-70F8FA85B463}"
EndProject
Project("{FAE04EC0-301F-11D3-BF4B-00C04F79EFBC}") = "PlatinDashboard.Domain.Farmacia", "src\PlatinDashboard.Domain.Farmacia\PlatinDashboard.Domain.Farmacia.csproj", "{DC44E149-22CD-4E99-AD8B-76244910652E}"
EndProject
Project("{2150E333-8FDC-42A3-9474-1A3956D46DE8}") = "5.1 Data", "5.1 Data", "{044E7B6A-B81E-40EC-A758-40B67559399C}"
EndProject
Project("{2150E333-8FDC-42A3-9474-1A3956D46DE8}") = "5.2 CrossCutting", "5.2 CrossCutting", "{09BC7BDB-1945-4F1B-8298-CD2C616B72F2}"
EndProject
Project("{FAE04EC0-301F-11D3-BF4B-00C04F79EFBC}") = "PlatinDashboard.Infra.Data", "src\PlatinDashboard.Infra.Data\PlatinDashboard.Infra.Data.csproj", "{9F643753-541D-4D82-8D05-08B1CD7098A6}"
EndProject
Project("{FAE04EC0-301F-11D3-BF4B-00C04F79EFBC}") = "PlatinDashboard.Presentation.MVC", "src\PlatinDashboard.Presentation.MVC\PlatinDashboard.Presentation.MVC.csproj", "{26182044-D942-4CAA-A075-12056ECF67A9}"
EndProject
Project("{FAE04EC0-301F-11D3-BF4B-00C04F79EFBC}") = "PlatinDashboard.Application", "src\PlatinDashboard.Application\PlatinDashboard.Application.csproj", "{09B2C989-5746-4EDE-9243-06DD6657396F}"
EndProject
Project("{2150E333-8FDC-42A3-9474-1A3956D46DE8}") = "IoC", "IoC", "{403E1F18-E59E-49F0-BCF1-C8B2353318FE}"
EndProject
Project("{FAE04EC0-301F-11D3-BF4B-00C04F79EFBC}") = "PlatinDashboard.Infra.CrossCutting.IoC", "src\PlatinDashboard.Infra.CrossCutting.IoC\PlatinDashboard.Infra.CrossCutting.IoC.csproj", "{993D7E43-7A3A-4257-AB0F-2156FB553453}"
EndProject
Project("{2150E333-8FDC-42A3-9474-1A3956D46DE8}") = "Identity", "Identity", "{40A2A938-076F-4456-81CC-D482C7CEEAF4}"
EndProject
Project("{FAE04EC0-301F-11D3-BF4B-00C04F79EFBC}") = "PlatinDashboard.Infra.CrossCutting.Identity", "src\PlatinDashboard.Infra.CrossCutting.Identity\PlatinDashboard.Infra.CrossCutting.Identity.csproj", "{1583222E-B80D-40A1-BE8C-31A336EC5120}"
EndProject
Project("{FAE04EC0-301F-11D3-BF4B-00C04F79EFBC}") = "PlatinDashboard.Infra.Data.Farmacia", "src\PlatinDashboard.Infra.Data.Farmacia\PlatinDashboard.Infra.Data.Farmacia.csproj", "{08420F00-ED7B-4C05-AF50-8099F76751E9}"
EndProject
Project("{FAE04EC0-301F-11D3-BF4B-00C04F79EFBC}") = "PlatinDashboard.Application.Farmacia", "src\PlatinDashboard.Application.Farmacia\PlatinDashboard.Application.Farmacia.csproj", "{BF91AD12-48FB-49B7-BA89-ED9308330B65}"
EndProject
Project("{FAE04EC0-301F-11D3-BF4B-00C04F79EFBC}") = "PlatinDashboard.Domain.Administrativo", "src\PlatinDashboard.Domain.Administrativo\PlatinDashboard.Domain.Administrativo.csproj", "{283C17D0-3DEB-4865-BEA0-D1D9A110E8E7}"
EndProject
Project("{FAE04EC0-301F-11D3-BF4B-00C04F79EFBC}") = "PlatinDashboard.Infra.Data.Administrativo", "src\PlatinDashboard.Infra.Data.Administrativo\PlatinDashboard.Infra.Data.Administrativo.csproj", "{C25AB245-A927-4DAD-8F17-B86252680CB0}"
EndProject
Project("{FAE04EC0-301F-11D3-BF4B-00C04F79EFBC}") = "PlatinDashboard.Application.Administrativo", "src\PlatinDashboard.Application.Administrativo\PlatinDashboard.Application.Administrativo.csproj", "{AAA5D456-C1B9-4240-9D12-F45E6F134F0B}"
EndProject
Project("{2150E333-8FDC-42A3-9474-1A3956D46DE8}") = "6 - Dao", "6 - Dao", "{F1625F53-BF15-4FCF-A8CB-D7E6DB270BF3}"
EndProject
Project("{FAE04EC0-301F-11D3-BF4B-00C04F79EFBC}") = "ServiceAbcFarma", "ServiceAbcFarma\ServiceAbcFarma.csproj", "{56120244-B305-46B2-AF4D-012BB3280A73}"
EndProject
Project("{2150E333-8FDC-42A3-9474-1A3956D46DE8}") = "7 - VannonService", "7 - VannonService", "{8D2B1D9D-1D65-40E7-A365-BB8379AC3BF3}"
EndProject
Project("{FAE04EC0-301F-11D3-BF4B-00C04F79EFBC}") = "Servicos", "src\Servicos\Servicos.csproj", "{535A56BD-9E8E-404E-A75D-5BB1A1946F3F}"
EndProject
Project("{FAE04EC0-301F-11D3-BF4B-00C04F79EFBC}") = "Model.Dao", "Model.Dao\Model.Dao.csproj", "{BAE590B5-AEC8-44DC-8AEA-D727EEF61D52}"
EndProject
Project("{FAE04EC0-301F-11D3-BF4B-00C04F79EFBC}") = "Model.Entity", "Model.Entity\Model.Entity.csproj", "{0607244F-F003-4377-AEA0-1564B3DEB10E}"
EndProject
Project("{FAE04EC0-301F-11D3-BF4B-00C04F79EFBC}") = "Model.Neg", "Model.Neg\Model.Neg.csproj", "{6DBFFBA8-D005-494B-B41D-33D28CE151FD}"
EndProject
Project("{2150E333-8FDC-42A3-9474-1A3956D46DE8}") = "BoletoNetMVC", "BoletoNetMVC", "{5A3F0734-D27D-412C-821A-0F593F780EFA}"
EndProject
Project("{2150E333-8FDC-42A3-9474-1A3956D46DE8}") = "BoletoArquivo", "BoletoArquivo", "{58F6BF41-4836-48C4-A420-A70D6A901633}"
EndProject
Global
	GlobalSection(SolutionConfigurationPlatforms) = preSolution
		Debug|Any CPU = Debug|Any CPU
		Release|Any CPU = Release|Any CPU
	EndGlobalSection
	GlobalSection(ProjectConfigurationPlatforms) = postSolution
		{7DE3D18C-3904-4EA3-B46F-70F8FA85B463}.Debug|Any CPU.ActiveCfg = Debug|Any CPU
		{7DE3D18C-3904-4EA3-B46F-70F8FA85B463}.Debug|Any CPU.Build.0 = Debug|Any CPU
		{7DE3D18C-3904-4EA3-B46F-70F8FA85B463}.Release|Any CPU.ActiveCfg = Release|Any CPU
		{7DE3D18C-3904-4EA3-B46F-70F8FA85B463}.Release|Any CPU.Build.0 = Release|Any CPU
		{DC44E149-22CD-4E99-AD8B-76244910652E}.Debug|Any CPU.ActiveCfg = Debug|Any CPU
		{DC44E149-22CD-4E99-AD8B-76244910652E}.Debug|Any CPU.Build.0 = Debug|Any CPU
		{DC44E149-22CD-4E99-AD8B-76244910652E}.Release|Any CPU.ActiveCfg = Release|Any CPU
		{DC44E149-22CD-4E99-AD8B-76244910652E}.Release|Any CPU.Build.0 = Release|Any CPU
		{9F643753-541D-4D82-8D05-08B1CD7098A6}.Debug|Any CPU.ActiveCfg = Debug|Any CPU
		{9F643753-541D-4D82-8D05-08B1CD7098A6}.Debug|Any CPU.Build.0 = Debug|Any CPU
		{9F643753-541D-4D82-8D05-08B1CD7098A6}.Release|Any CPU.ActiveCfg = Release|Any CPU
		{9F643753-541D-4D82-8D05-08B1CD7098A6}.Release|Any CPU.Build.0 = Release|Any CPU
		{26182044-D942-4CAA-A075-12056ECF67A9}.Debug|Any CPU.ActiveCfg = Debug|Any CPU
		{26182044-D942-4CAA-A075-12056ECF67A9}.Debug|Any CPU.Build.0 = Debug|Any CPU
		{26182044-D942-4CAA-A075-12056ECF67A9}.Release|Any CPU.ActiveCfg = Release|Any CPU
		{26182044-D942-4CAA-A075-12056ECF67A9}.Release|Any CPU.Build.0 = Release|Any CPU
		{09B2C989-5746-4EDE-9243-06DD6657396F}.Debug|Any CPU.ActiveCfg = Debug|Any CPU
		{09B2C989-5746-4EDE-9243-06DD6657396F}.Debug|Any CPU.Build.0 = Debug|Any CPU
		{09B2C989-5746-4EDE-9243-06DD6657396F}.Release|Any CPU.ActiveCfg = Release|Any CPU
		{09B2C989-5746-4EDE-9243-06DD6657396F}.Release|Any CPU.Build.0 = Release|Any CPU
		{993D7E43-7A3A-4257-AB0F-2156FB553453}.Debug|Any CPU.ActiveCfg = Debug|Any CPU
		{993D7E43-7A3A-4257-AB0F-2156FB553453}.Debug|Any CPU.Build.0 = Debug|Any CPU
		{993D7E43-7A3A-4257-AB0F-2156FB553453}.Release|Any CPU.ActiveCfg = Release|Any CPU
		{993D7E43-7A3A-4257-AB0F-2156FB553453}.Release|Any CPU.Build.0 = Release|Any CPU
		{1583222E-B80D-40A1-BE8C-31A336EC5120}.Debug|Any CPU.ActiveCfg = Debug|Any CPU
		{1583222E-B80D-40A1-BE8C-31A336EC5120}.Debug|Any CPU.Build.0 = Debug|Any CPU
		{1583222E-B80D-40A1-BE8C-31A336EC5120}.Release|Any CPU.ActiveCfg = Release|Any CPU
		{1583222E-B80D-40A1-BE8C-31A336EC5120}.Release|Any CPU.Build.0 = Release|Any CPU
		{08420F00-ED7B-4C05-AF50-8099F76751E9}.Debug|Any CPU.ActiveCfg = Debug|Any CPU
		{08420F00-ED7B-4C05-AF50-8099F76751E9}.Debug|Any CPU.Build.0 = Debug|Any CPU
		{08420F00-ED7B-4C05-AF50-8099F76751E9}.Release|Any CPU.ActiveCfg = Release|Any CPU
		{08420F00-ED7B-4C05-AF50-8099F76751E9}.Release|Any CPU.Build.0 = Release|Any CPU
		{BF91AD12-48FB-49B7-BA89-ED9308330B65}.Debug|Any CPU.ActiveCfg = Debug|Any CPU
		{BF91AD12-48FB-49B7-BA89-ED9308330B65}.Debug|Any CPU.Build.0 = Debug|Any CPU
		{BF91AD12-48FB-49B7-BA89-ED9308330B65}.Release|Any CPU.ActiveCfg = Release|Any CPU
		{BF91AD12-48FB-49B7-BA89-ED9308330B65}.Release|Any CPU.Build.0 = Release|Any CPU
		{283C17D0-3DEB-4865-BEA0-D1D9A110E8E7}.Debug|Any CPU.ActiveCfg = Debug|Any CPU
		{283C17D0-3DEB-4865-BEA0-D1D9A110E8E7}.Debug|Any CPU.Build.0 = Debug|Any CPU
		{283C17D0-3DEB-4865-BEA0-D1D9A110E8E7}.Release|Any CPU.ActiveCfg = Release|Any CPU
		{283C17D0-3DEB-4865-BEA0-D1D9A110E8E7}.Release|Any CPU.Build.0 = Release|Any CPU
		{C25AB245-A927-4DAD-8F17-B86252680CB0}.Debug|Any CPU.ActiveCfg = Debug|Any CPU
		{C25AB245-A927-4DAD-8F17-B86252680CB0}.Debug|Any CPU.Build.0 = Debug|Any CPU
		{C25AB245-A927-4DAD-8F17-B86252680CB0}.Release|Any CPU.ActiveCfg = Release|Any CPU
		{C25AB245-A927-4DAD-8F17-B86252680CB0}.Release|Any CPU.Build.0 = Release|Any CPU
		{AAA5D456-C1B9-4240-9D12-F45E6F134F0B}.Debug|Any CPU.ActiveCfg = Debug|Any CPU
		{AAA5D456-C1B9-4240-9D12-F45E6F134F0B}.Debug|Any CPU.Build.0 = Debug|Any CPU
		{AAA5D456-C1B9-4240-9D12-F45E6F134F0B}.Release|Any CPU.ActiveCfg = Release|Any CPU
		{AAA5D456-C1B9-4240-9D12-F45E6F134F0B}.Release|Any CPU.Build.0 = Release|Any CPU
		{56120244-B305-46B2-AF4D-012BB3280A73}.Debug|Any CPU.ActiveCfg = Debug|Any CPU
		{56120244-B305-46B2-AF4D-012BB3280A73}.Debug|Any CPU.Build.0 = Debug|Any CPU
		{56120244-B305-46B2-AF4D-012BB3280A73}.Release|Any CPU.ActiveCfg = Release|Any CPU
		{56120244-B305-46B2-AF4D-012BB3280A73}.Release|Any CPU.Build.0 = Release|Any CPU
		{535A56BD-9E8E-404E-A75D-5BB1A1946F3F}.Debug|Any CPU.ActiveCfg = Debug|Any CPU
		{535A56BD-9E8E-404E-A75D-5BB1A1946F3F}.Debug|Any CPU.Build.0 = Debug|Any CPU
		{535A56BD-9E8E-404E-A75D-5BB1A1946F3F}.Release|Any CPU.ActiveCfg = Release|Any CPU
		{535A56BD-9E8E-404E-A75D-5BB1A1946F3F}.Release|Any CPU.Build.0 = Release|Any CPU
		{BAE590B5-AEC8-44DC-8AEA-D727EEF61D52}.Debug|Any CPU.ActiveCfg = Debug|Any CPU
		{BAE590B5-AEC8-44DC-8AEA-D727EEF61D52}.Debug|Any CPU.Build.0 = Debug|Any CPU
		{BAE590B5-AEC8-44DC-8AEA-D727EEF61D52}.Release|Any CPU.ActiveCfg = Release|Any CPU
		{BAE590B5-AEC8-44DC-8AEA-D727EEF61D52}.Release|Any CPU.Build.0 = Release|Any CPU
		{0607244F-F003-4377-AEA0-1564B3DEB10E}.Debug|Any CPU.ActiveCfg = Debug|Any CPU
		{0607244F-F003-4377-AEA0-1564B3DEB10E}.Debug|Any CPU.Build.0 = Debug|Any CPU
		{0607244F-F003-4377-AEA0-1564B3DEB10E}.Release|Any CPU.ActiveCfg = Release|Any CPU
		{0607244F-F003-4377-AEA0-1564B3DEB10E}.Release|Any CPU.Build.0 = Release|Any CPU
		{6DBFFBA8-D005-494B-B41D-33D28CE151FD}.Debug|Any CPU.ActiveCfg = Debug|Any CPU
		{6DBFFBA8-D005-494B-B41D-33D28CE151FD}.Debug|Any CPU.Build.0 = Debug|Any CPU
		{6DBFFBA8-D005-494B-B41D-33D28CE151FD}.Release|Any CPU.ActiveCfg = Release|Any CPU
		{6DBFFBA8-D005-494B-B41D-33D28CE151FD}.Release|Any CPU.Build.0 = Release|Any CPU
	EndGlobalSection
	GlobalSection(SolutionProperties) = preSolution
		HideSolutionNode = FALSE
	EndGlobalSection
	GlobalSection(NestedProjects) = preSolution
		{7DE3D18C-3904-4EA3-B46F-70F8FA85B463} = {1B0A9877-2B62-49F6-BE01-62EF6CA05378}
		{DC44E149-22CD-4E99-AD8B-76244910652E} = {1B0A9877-2B62-49F6-BE01-62EF6CA05378}
		{044E7B6A-B81E-40EC-A758-40B67559399C} = {D65D0021-86AA-4A39-87D0-2AF8CB2EB141}
		{09BC7BDB-1945-4F1B-8298-CD2C616B72F2} = {D65D0021-86AA-4A39-87D0-2AF8CB2EB141}
		{9F643753-541D-4D82-8D05-08B1CD7098A6} = {044E7B6A-B81E-40EC-A758-40B67559399C}
		{26182044-D942-4CAA-A075-12056ECF67A9} = {FA7EEB3C-AC21-497A-9B57-D11B74805749}
		{09B2C989-5746-4EDE-9243-06DD6657396F} = {9D3E04B9-4654-4A68-82E8-5F97C10F36E7}
		{403E1F18-E59E-49F0-BCF1-C8B2353318FE} = {09BC7BDB-1945-4F1B-8298-CD2C616B72F2}
		{993D7E43-7A3A-4257-AB0F-2156FB553453} = {403E1F18-E59E-49F0-BCF1-C8B2353318FE}
		{40A2A938-076F-4456-81CC-D482C7CEEAF4} = {09BC7BDB-1945-4F1B-8298-CD2C616B72F2}
		{1583222E-B80D-40A1-BE8C-31A336EC5120} = {40A2A938-076F-4456-81CC-D482C7CEEAF4}
		{08420F00-ED7B-4C05-AF50-8099F76751E9} = {044E7B6A-B81E-40EC-A758-40B67559399C}
		{BF91AD12-48FB-49B7-BA89-ED9308330B65} = {9D3E04B9-4654-4A68-82E8-5F97C10F36E7}
		{283C17D0-3DEB-4865-BEA0-D1D9A110E8E7} = {1B0A9877-2B62-49F6-BE01-62EF6CA05378}
		{C25AB245-A927-4DAD-8F17-B86252680CB0} = {044E7B6A-B81E-40EC-A758-40B67559399C}
		{AAA5D456-C1B9-4240-9D12-F45E6F134F0B} = {9D3E04B9-4654-4A68-82E8-5F97C10F36E7}
		{56120244-B305-46B2-AF4D-012BB3280A73} = {38988BB8-6D2C-450E-BE50-68FB12BA99FD}
		{535A56BD-9E8E-404E-A75D-5BB1A1946F3F} = {8D2B1D9D-1D65-40E7-A365-BB8379AC3BF3}
		{BAE590B5-AEC8-44DC-8AEA-D727EEF61D52} = {F1625F53-BF15-4FCF-A8CB-D7E6DB270BF3}
		{0607244F-F003-4377-AEA0-1564B3DEB10E} = {F1625F53-BF15-4FCF-A8CB-D7E6DB270BF3}
		{6DBFFBA8-D005-494B-B41D-33D28CE151FD} = {F1625F53-BF15-4FCF-A8CB-D7E6DB270BF3}
	EndGlobalSection
	GlobalSection(ExtensibilityGlobals) = postSolution
		SolutionGuid = {C6725DFC-0FCF-4599-836D-A90E88DB8C38}
	EndGlobalSection
EndGlobal
